// !$*UTF8*$!
{
	archiveVersion = 1;
	classes = {
	};
	objectVersion = 46;
	objects = {

/* Begin PBXBuildFile section */
		B5B090BA1AB7C4FB0055C52B /* AppDelegate.swift in Sources */ = {isa = PBXBuildFile; fileRef = B5B090B91AB7C4FB0055C52B /* AppDelegate.swift */; };
		B5B090BD1AB7C4FB0055C52B /* allDemo.xcdatamodeld in Sources */ = {isa = PBXBuildFile; fileRef = B5B090BB1AB7C4FB0055C52B /* allDemo.xcdatamodeld */; };
		B5B090BF1AB7C4FB0055C52B /* RootController.swift in Sources */ = {isa = PBXBuildFile; fileRef = B5B090BE1AB7C4FB0055C52B /* RootController.swift */; };
		B5B090C21AB7C4FB0055C52B /* Main.storyboard in Resources */ = {isa = PBXBuildFile; fileRef = B5B090C01AB7C4FB0055C52B /* Main.storyboard */; };
		B5B090C41AB7C4FB0055C52B /* Images.xcassets in Resources */ = {isa = PBXBuildFile; fileRef = B5B090C31AB7C4FB0055C52B /* Images.xcassets */; };
		B5B090C71AB7C4FB0055C52B /* LaunchScreen.xib in Resources */ = {isa = PBXBuildFile; fileRef = B5B090C51AB7C4FB0055C52B /* LaunchScreen.xib */; };
		B5B090D31AB7C4FB0055C52B /* allDemoTests.swift in Sources */ = {isa = PBXBuildFile; fileRef = B5B090D21AB7C4FB0055C52B /* allDemoTests.swift */; };
		B5B090DF1AB7CA9D0055C52B /* collectionViewWithHeaderViewController.swift in Sources */ = {isa = PBXBuildFile; fileRef = B5B090DE1AB7CA9D0055C52B /* collectionViewWithHeaderViewController.swift */; };
		B5B7EFF81AB85B7F00275205 /* TagController.swift in Sources */ = {isa = PBXBuildFile; fileRef = B5B7EFF71AB85B7F00275205 /* TagController.swift */; };
		B5B7EFFC1AB85D1E00275205 /* img1.jpg in Resources */ = {isa = PBXBuildFile; fileRef = B5B7EFFB1AB85D1E00275205 /* img1.jpg */; };
		B5B7EFFF1AB86C6500275205 /* RecorderViewController.swift in Sources */ = {isa = PBXBuildFile; fileRef = B5B7EFFE1AB86C6500275205 /* RecorderViewController.swift */; };
/* End PBXBuildFile section */

/* Begin PBXContainerItemProxy section */
		B5B090CD1AB7C4FB0055C52B /* PBXContainerItemProxy */ = {
			isa = PBXContainerItemProxy;
			containerPortal = B5B090AC1AB7C4FB0055C52B /* Project object */;
			proxyType = 1;
			remoteGlobalIDString = B5B090B31AB7C4FB0055C52B;
			remoteInfo = allDemo;
		};
/* End PBXContainerItemProxy section */

/* Begin PBXFileReference section */
		B5B090B41AB7C4FB0055C52B /* allDemo.app */ = {isa = PBXFileReference; explicitFileType = wrapper.application; includeInIndex = 0; path = allDemo.app; sourceTree = BUILT_PRODUCTS_DIR; };
		B5B090B81AB7C4FB0055C52B /* Info.plist */ = {isa = PBXFileReference; lastKnownFileType = text.plist.xml; path = Info.plist; sourceTree = "<group>"; };
		B5B090B91AB7C4FB0055C52B /* AppDelegate.swift */ = {isa = PBXFileReference; lastKnownFileType = sourcecode.swift; path = AppDelegate.swift; sourceTree = "<group>"; };
		B5B090BC1AB7C4FB0055C52B /* allDemo.xcdatamodel */ = {isa = PBXFileReference; lastKnownFileType = wrapper.xcdatamodel; path = allDemo.xcdatamodel; sourceTree = "<group>"; };
		B5B090BE1AB7C4FB0055C52B /* RootController.swift */ = {isa = PBXFileReference; lastKnownFileType = sourcecode.swift; path = RootController.swift; sourceTree = "<group>"; };
		B5B090C11AB7C4FB0055C52B /* Base */ = {isa = PBXFileReference; lastKnownFileType = file.storyboard; name = Base; path = Base.lproj/Main.storyboard; sourceTree = "<group>"; };
		B5B090C31AB7C4FB0055C52B /* Images.xcassets */ = {isa = PBXFileReference; lastKnownFileType = folder.assetcatalog; path = Images.xcassets; sourceTree = "<group>"; };
		B5B090C61AB7C4FB0055C52B /* Base */ = {isa = PBXFileReference; lastKnownFileType = file.xib; name = Base; path = Base.lproj/LaunchScreen.xib; sourceTree = "<group>"; };
		B5B090CC1AB7C4FB0055C52B /* allDemoTests.xctest */ = {isa = PBXFileReference; explicitFileType = wrapper.cfbundle; includeInIndex = 0; path = allDemoTests.xctest; sourceTree = BUILT_PRODUCTS_DIR; };
		B5B090D11AB7C4FB0055C52B /* Info.plist */ = {isa = PBXFileReference; lastKnownFileType = text.plist.xml; path = Info.plist; sourceTree = "<group>"; };
		B5B090D21AB7C4FB0055C52B /* allDemoTests.swift */ = {isa = PBXFileReference; lastKnownFileType = sourcecode.swift; path = allDemoTests.swift; sourceTree = "<group>"; };
		B5B090DE1AB7CA9D0055C52B /* collectionViewWithHeaderViewController.swift */ = {isa = PBXFileReference; fileEncoding = 4; lastKnownFileType = sourcecode.swift; path = collectionViewWithHeaderViewController.swift; sourceTree = "<group>"; };
		B5B7EFF71AB85B7F00275205 /* TagController.swift */ = {isa = PBXFileReference; fileEncoding = 4; lastKnownFileType = sourcecode.swift; path = TagController.swift; sourceTree = "<group>"; };
		B5B7EFFB1AB85D1E00275205 /* img1.jpg */ = {isa = PBXFileReference; lastKnownFileType = image.jpeg; path = img1.jpg; sourceTree = "<group>"; };
		B5B7EFFE1AB86C6500275205 /* RecorderViewController.swift */ = {isa = PBXFileReference; fileEncoding = 4; lastKnownFileType = sourcecode.swift; path = RecorderViewController.swift; sourceTree = "<group>"; };
/* End PBXFileReference section */

/* Begin PBXFrameworksBuildPhase section */
		B5B090B11AB7C4FB0055C52B /* Frameworks */ = {
			isa = PBXFrameworksBuildPhase;
			buildActionMask = 2147483647;
			files = (
			);
			runOnlyForDeploymentPostprocessing = 0;
		};
		B5B090C91AB7C4FB0055C52B /* Frameworks */ = {
			isa = PBXFrameworksBuildPhase;
			buildActionMask = 2147483647;
			files = (
			);
			runOnlyForDeploymentPostprocessing = 0;
		};
/* End PBXFrameworksBuildPhase section */

/* Begin PBXGroup section */
		B5B090AB1AB7C4FB0055C52B = {
			isa = PBXGroup;
			children = (
				B5B090B61AB7C4FB0055C52B /* allDemo */,
				B5B090CF1AB7C4FB0055C52B /* allDemoTests */,
				B5B090B51AB7C4FB0055C52B /* Products */,
			);
			sourceTree = "<group>";
		};
		B5B090B51AB7C4FB0055C52B /* Products */ = {
			isa = PBXGroup;
			children = (
				B5B090B41AB7C4FB0055C52B /* allDemo.app */,
				B5B090CC1AB7C4FB0055C52B /* allDemoTests.xctest */,
			);
			name = Products;
			sourceTree = "<group>";
		};
		B5B090B61AB7C4FB0055C52B /* allDemo */ = {
			isa = PBXGroup;
			children = (
				B5B7EFF91AB85CFB00275205 /* Resources */,
				B5B090DC1AB7CA5A0055C52B /* demos */,
				B5B090B91AB7C4FB0055C52B /* AppDelegate.swift */,
				B5B090BE1AB7C4FB0055C52B /* RootController.swift */,
				B5B090C01AB7C4FB0055C52B /* Main.storyboard */,
				B5B090C31AB7C4FB0055C52B /* Images.xcassets */,
				B5B090C51AB7C4FB0055C52B /* LaunchScreen.xib */,
				B5B090BB1AB7C4FB0055C52B /* allDemo.xcdatamodeld */,
				B5B090B71AB7C4FB0055C52B /* Supporting Files */,
			);
			path = allDemo;
			sourceTree = "<group>";
		};
		B5B090B71AB7C4FB0055C52B /* Supporting Files */ = {
			isa = PBXGroup;
			children = (
				B5B090B81AB7C4FB0055C52B /* Info.plist */,
			);
			name = "Supporting Files";
			sourceTree = "<group>";
		};
		B5B090CF1AB7C4FB0055C52B /* allDemoTests */ = {
			isa = PBXGroup;
			children = (
				B5B090D21AB7C4FB0055C52B /* allDemoTests.swift */,
				B5B090D01AB7C4FB0055C52B /* Supporting Files */,
			);
			path = allDemoTests;
			sourceTree = "<group>";
		};
		B5B090D01AB7C4FB0055C52B /* Supporting Files */ = {
			isa = PBXGroup;
			children = (
				B5B090D11AB7C4FB0055C52B /* Info.plist */,
			);
			name = "Supporting Files";
			sourceTree = "<group>";
		};
		B5B090DC1AB7CA5A0055C52B /* demos */ = {
			isa = PBXGroup;
			children = (
				B5B7EFFD1AB86C5700275205 /* RecordController */,
				B5B7EFF61AB85B6B00275205 /* TagController */,
				B5B090DD1AB7CA730055C52B /* collectionViewWithHeader */,
			);
			path = demos;
			sourceTree = "<group>";
		};
		B5B090DD1AB7CA730055C52B /* collectionViewWithHeader */ = {
			isa = PBXGroup;
			children = (
				B5B090DE1AB7CA9D0055C52B /* collectionViewWithHeaderViewController.swift */,
			);
			path = collectionViewWithHeader;
			sourceTree = "<group>";
		};
		B5B7EFF61AB85B6B00275205 /* TagController */ = {
			isa = PBXGroup;
			children = (
				B5B7EFF71AB85B7F00275205 /* TagController.swift */,
			);
			path = TagController;
			sourceTree = "<group>";
		};
		B5B7EFF91AB85CFB00275205 /* Resources */ = {
			isa = PBXGroup;
			children = (
				B5B7EFFA1AB85D0E00275205 /* images */,
			);
			path = Resources;
			sourceTree = "<group>";
		};
		B5B7EFFA1AB85D0E00275205 /* images */ = {
			isa = PBXGroup;
			children = (
				B5B7EFFB1AB85D1E00275205 /* img1.jpg */,
			);
			path = images;
			sourceTree = "<group>";
		};
		B5B7EFFD1AB86C5700275205 /* RecordController */ = {
			isa = PBXGroup;
			children = (
				B5B7EFFE1AB86C6500275205 /* RecorderViewController.swift */,
			);
			path = RecordController;
			sourceTree = "<group>";
		};
/* End PBXGroup section */

/* Begin PBXNativeTarget section */
		B5B090B31AB7C4FB0055C52B /* allDemo */ = {
			isa = PBXNativeTarget;
			buildConfigurationList = B5B090D61AB7C4FB0055C52B /* Build configuration list for PBXNativeTarget "allDemo" */;
			buildPhases = (
				B5B090B01AB7C4FB0055C52B /* Sources */,
				B5B090B11AB7C4FB0055C52B /* Frameworks */,
				B5B090B21AB7C4FB0055C52B /* Resources */,
			);
			buildRules = (
			);
			dependencies = (
			);
			name = allDemo;
			productName = allDemo;
			productReference = B5B090B41AB7C4FB0055C52B /* allDemo.app */;
			productType = "com.apple.product-type.application";
		};
		B5B090CB1AB7C4FB0055C52B /* allDemoTests */ = {
			isa = PBXNativeTarget;
			buildConfigurationList = B5B090D91AB7C4FB0055C52B /* Build configuration list for PBXNativeTarget "allDemoTests" */;
			buildPhases = (
				B5B090C81AB7C4FB0055C52B /* Sources */,
				B5B090C91AB7C4FB0055C52B /* Frameworks */,
				B5B090CA1AB7C4FB0055C52B /* Resources */,
			);
			buildRules = (
			);
			dependencies = (
				B5B090CE1AB7C4FB0055C52B /* PBXTargetDependency */,
			);
			name = allDemoTests;
			productName = allDemoTests;
			productReference = B5B090CC1AB7C4FB0055C52B /* allDemoTests.xctest */;
			productType = "com.apple.product-type.bundle.unit-test";
		};
/* End PBXNativeTarget section */

/* Begin PBXProject section */
		B5B090AC1AB7C4FB0055C52B /* Project object */ = {
			isa = PBXProject;
			attributes = {
				LastUpgradeCheck = 0620;
				ORGANIZATIONNAME = nahaowan;
				TargetAttributes = {
					B5B090B31AB7C4FB0055C52B = {
						CreatedOnToolsVersion = 6.2;
					};
					B5B090CB1AB7C4FB0055C52B = {
						CreatedOnToolsVersion = 6.2;
						TestTargetID = B5B090B31AB7C4FB0055C52B;
					};
				};
			};
			buildConfigurationList = B5B090AF1AB7C4FB0055C52B /* Build configuration list for PBXProject "allDemo" */;
			compatibilityVersion = "Xcode 3.2";
			developmentRegion = English;
			hasScannedForEncodings = 0;
			knownRegions = (
				en,
				Base,
			);
			mainGroup = B5B090AB1AB7C4FB0055C52B;
			productRefGroup = B5B090B51AB7C4FB0055C52B /* Products */;
			projectDirPath = "";
			projectRoot = "";
			targets = (
				B5B090B31AB7C4FB0055C52B /* allDemo */,
				B5B090CB1AB7C4FB0055C52B /* allDemoTests */,
			);
		};
/* End PBXProject section */

/* Begin PBXResourcesBuildPhase section */
		B5B090B21AB7C4FB0055C52B /* Resources */ = {
			isa = PBXResourcesBuildPhase;
			buildActionMask = 2147483647;
			files = (
				B5B7EFFC1AB85D1E00275205 /* img1.jpg in Resources */,
				B5B090C21AB7C4FB0055C52B /* Main.storyboard in Resources */,
				B5B090C71AB7C4FB0055C52B /* LaunchScreen.xib in Resources */,
				B5B090C41AB7C4FB0055C52B /* Images.xcassets in Resources */,
			);
			runOnlyForDeploymentPostprocessing = 0;
		};
		B5B090CA1AB7C4FB0055C52B /* Resources */ = {
			isa = PBXResourcesBuildPhase;
			buildActionMask = 2147483647;
			files = (
			);
			runOnlyForDeploymentPostprocessing = 0;
		};
/* End PBXResourcesBuildPhase section */

/* Begin PBXSourcesBuildPhase section */
		B5B090B01AB7C4FB0055C52B /* Sources */ = {
			isa = PBXSourcesBuildPhase;
			buildActionMask = 2147483647;
			files = (
				B5B7EFFF1AB86C6500275205 /* RecorderViewController.swift in Sources */,
				B5B090BF1AB7C4FB0055C52B /* RootController.swift in Sources */,
				B5B7EFF81AB85B7F00275205 /* TagController.swift in Sources */,
				B5B090BD1AB7C4FB0055C52B /* allDemo.xcdatamodeld in Sources */,
				B5B090DF1AB7CA9D0055C52B /* collectionViewWithHeaderViewController.swift in Sources */,
				B5B090BA1AB7C4FB0055C52B /* AppDelegate.swift in Sources */,
			);
			runOnlyForDeploymentPostprocessing = 0;
		};
		B5B090C81AB7C4FB0055C52B /* Sources */ = {
			isa = PBXSourcesBuildPhase;
			buildActionMask = 2147483647;
			files = (
				B5B090D31AB7C4FB0055C52B /* allDemoTests.swift in Sources */,
			);
			runOnlyForDeploymentPostprocessing = 0;
		};
/* End PBXSourcesBuildPhase section */

/* Begin PBXTargetDependency section */
		B5B090CE1AB7C4FB0055C52B /* PBXTargetDependency */ = {
			isa = PBXTargetDependency;
			target = B5B090B31AB7C4FB0055C52B /* allDemo */;
			targetProxy = B5B090CD1AB7C4FB0055C52B /* PBXContainerItemProxy */;
		};
/* End PBXTargetDependency section */

/* Begin PBXVariantGroup section */
		B5B090C01AB7C4FB0055C52B /* Main.storyboard */ = {
			isa = PBXVariantGroup;
			children = (
				B5B090C11AB7C4FB0055C52B /* Base */,
			);
			name = Main.storyboard;
			sourceTree = "<group>";
		};
		B5B090C51AB7C4FB0055C52B /* LaunchScreen.xib */ = {
			isa = PBXVariantGroup;
			children = (
				B5B090C61AB7C4FB0055C52B /* Base */,
			);
			name = LaunchScreen.xib;
			sourceTree = "<group>";
		};
/* End PBXVariantGroup section */

/* Begin XCBuildConfiguration section */
		B5B090D41AB7C4FB0055C52B /* Debug */ = {
			isa = XCBuildConfiguration;
			buildSettings = {
				ALWAYS_SEARCH_USER_PATHS = NO;
				CLANG_CXX_LANGUAGE_STANDARD = "gnu++0x";
				CLANG_CXX_LIBRARY = "libc++";
				CLANG_ENABLE_MODULES = YES;
				CLANG_ENABLE_OBJC_ARC = YES;
				CLANG_WARN_BOOL_CONVERSION = YES;
				CLANG_WARN_CONSTANT_CONVERSION = YES;
				CLANG_WARN_DIRECT_OBJC_ISA_USAGE = YES_ERROR;
				CLANG_WARN_EMPTY_BODY = YES;
				CLANG_WARN_ENUM_CONVERSION = YES;
				CLANG_WARN_INT_CONVERSION = YES;
				CLANG_WARN_OBJC_ROOT_CLASS = YES_ERROR;
				CLANG_WARN_UNREACHABLE_CODE = YES;
				CLANG_WARN__DUPLICATE_METHOD_MATCH = YES;
				"CODE_SIGN_IDENTITY[sdk=iphoneos*]" = "iPhone Developer";
				COPY_PHASE_STRIP = NO;
				ENABLE_STRICT_OBJC_MSGSEND = YES;
				GCC_C_LANGUAGE_STANDARD = gnu99;
				GCC_DYNAMIC_NO_PIC = NO;
				GCC_OPTIMIZATION_LEVEL = 0;
				GCC_PREPROCESSOR_DEFINITIONS = (
					"DEBUG=1",
					"$(inherited)",
				);
				GCC_SYMBOLS_PRIVATE_EXTERN = NO;
				GCC_WARN_64_TO_32_BIT_CONVERSION = YES;
				GCC_WARN_ABOUT_RETURN_TYPE = YES_ERROR;
				GCC_WARN_UNDECLARED_SELECTOR = YES;
				GCC_WARN_UNINITIALIZED_AUTOS = YES_AGGRESSIVE;
				GCC_WARN_UNUSED_FUNCTION = YES;
				GCC_WARN_UNUSED_VARIABLE = YES;
				IPHONEOS_DEPLOYMENT_TARGET = 8.2;
				MTL_ENABLE_DEBUG_INFO = YES;
				ONLY_ACTIVE_ARCH = YES;
				SDKROOT = iphoneos;
				SWIFT_OPTIMIZATION_LEVEL = "-Onone";
				TARGETED_DEVICE_FAMILY = "1,2";
			};
			name = Debug;
		};
		B5B090D51AB7C4FB0055C52B /* Release */ = {
			isa = XCBuildConfiguration;
			buildSettings = {
				ALWAYS_SEARCH_USER_PATHS = NO;
				CLANG_CXX_LANGUAGE_STANDARD = "gnu++0x";
				CLANG_CXX_LIBRARY = "libc++";
				CLANG_ENABLE_MODULES = YES;
				CLANG_ENABLE_OBJC_ARC = YES;
				CLANG_WARN_BOOL_CONVERSION = YES;
				CLANG_WARN_CONSTANT_CONVERSION = YES;
				CLANG_WARN_DIRECT_OBJC_ISA_USAGE = YES_ERROR;
				CLANG_WARN_EMPTY_BODY = YES;
				CLANG_WARN_ENUM_CONVERSION = YES;
				CLANG_WARN_INT_CONVERSION = YES;
				CLANG_WARN_OBJC_ROOT_CLASS = YES_ERROR;
				CLANG_WARN_UNREACHABLE_CODE = YES;
				CLANG_WARN__DUPLICATE_METHOD_MATCH = YES;
				"CODE_SIGN_IDENTITY[sdk=iphoneos*]" = "iPhone Developer";
				COPY_PHASE_STRIP = NO;
				ENABLE_NS_ASSERTIONS = NO;
				ENABLE_STRICT_OBJC_MSGSEND = YES;
				GCC_C_LANGUAGE_STANDARD = gnu99;
				GCC_WARN_64_TO_32_BIT_CONVERSION = YES;
				GCC_WARN_ABOUT_RETURN_TYPE = YES_ERROR;
				GCC_WARN_UNDECLARED_SELECTOR = YES;
				GCC_WARN_UNINITIALIZED_AUTOS = YES_AGGRESSIVE;
				GCC_WARN_UNUSED_FUNCTION = YES;
				GCC_WARN_UNUSED_VARIABLE = YES;
				IPHONEOS_DEPLOYMENT_TARGET = 8.2;
				MTL_ENABLE_DEBUG_INFO = NO;
				SDKROOT = iphoneos;
				TARGETED_DEVICE_FAMILY = "1,2";
				VALIDATE_PRODUCT = YES;
			};
			name = Release;
		};
		B5B090D71AB7C4FB0055C52B /* Debug */ = {
			isa = XCBuildConfiguration;
			buildSettings = {
				ASSETCATALOG_COMPILER_APPICON_NAME = AppIcon;
				INFOPLIST_FILE = allDemo/Info.plist;
				LD_RUNPATH_SEARCH_PATHS = "$(inherited) @executable_path/Frameworks";
				PRODUCT_NAME = "$(TARGET_NAME)";
			};
			name = Debug;
		};
		B5B090D81AB7C4FB0055C52B /* Release */ = {
			isa = XCBuildConfiguration;
			buildSettings = {
				ASSETCATALOG_COMPILER_APPICON_NAME = AppIcon;
				INFOPLIST_FILE = allDemo/Info.plist;
				LD_RUNPATH_SEARCH_PATHS = "$(inherited) @executable_path/Frameworks";
				PRODUCT_NAME = "$(TARGET_NAME)";
			};
			name = Release;
		};
		B5B090DA1AB7C4FB0055C52B /* Debug */ = {
			isa = XCBuildConfiguration;
			buildSettings = {
				BUNDLE_LOADER = "$(TEST_HOST)";
				FRAMEWORK_SEARCH_PATHS = (
					"$(SDKROOT)/Developer/Library/Frameworks",
					"$(inherited)",
				);
				GCC_PREPROCESSOR_DEFINITIONS = (
					"DEBUG=1",
					"$(inherited)",
				);
				INFOPLIST_FILE = allDemoTests/Info.plist;
				LD_RUNPATH_SEARCH_PATHS = "$(inherited) @executable_path/Frameworks @loader_path/Frameworks";
				PRODUCT_NAME = "$(TARGET_NAME)";
				TEST_HOST = "$(BUILT_PRODUCTS_DIR)/allDemo.app/allDemo";
			};
			name = Debug;
		};
		B5B090DB1AB7C4FB0055C52B /* Release */ = {
			isa = XCBuildConfiguration;
			buildSettings = {
				BUNDLE_LOADER = "$(TEST_HOST)";
				FRAMEWORK_SEARCH_PATHS = (
					"$(SDKROOT)/Developer/Library/Frameworks",
					"$(inherited)",
				);
				INFOPLIST_FILE = allDemoTests/Info.plist;
				LD_RUNPATH_SEARCH_PATHS = "$(inherited) @executable_path/Frameworks @loader_path/Frameworks";
				PRODUCT_NAME = "$(TARGET_NAME)";
				TEST_HOST = "$(BUILT_PRODUCTS_DIR)/allDemo.app/allDemo";
			};
			name = Release;
		};
/* End XCBuildConfiguration section */

/* Begin XCConfigurationList section */
		B5B090AF1AB7C4FB0055C52B /* Build configuration list for PBXProject "allDemo" */ = {
			isa = XCConfigurationList;
			buildConfigurations = (
				B5B090D41AB7C4FB0055C52B /* Debug */,
				B5B090D51AB7C4FB0055C52B /* Release */,
			);
			defaultConfigurationIsVisible = 0;
			defaultConfigurationName = Release;
		};
		B5B090D61AB7C4FB0055C52B /* Build configuration list for PBXNativeTarget "allDemo" */ = {
			isa = XCConfigurationList;
			buildConfigurations = (
				B5B090D71AB7C4FB0055C52B /* Debug */,
				B5B090D81AB7C4FB0055C52B /* Release */,
			);
			defaultConfigurationIsVisible = 0;
			defaultConfigurationName = Release;
		};
		B5B090D91AB7C4FB0055C52B /* Build configuration list for PBXNativeTarget "allDemoTests" */ = {
			isa = XCConfigurationList;
			buildConfigurations = (
				B5B090DA1AB7C4FB0055C52B /* Debug */,
				B5B090DB1AB7C4FB0055C52B /* Release */,
			);
			defaultConfigurationIsVisible = 0;
			defaultConfigurationName = Release;
		};
/* End XCConfigurationList section */

/* Begin XCVersionGroup section */
		B5B090BB1AB7C4FB0055C52B /* allDemo.xcdatamodeld */ = {
			isa = XCVersionGroup;
			children = (
				B5B090BC1AB7C4FB0055C52B /* allDemo.xcdatamodel */,
			);
			currentVersion = B5B090BC1AB7C4FB0055C52B /* allDemo.xcdatamodel */;
			path = allDemo.xcdatamodeld;
			sourceTree = "<group>";
			versionGroupType = wrapper.xcdatamodel;
		};
/* End XCVersionGroup section */
	};
	rootObject = B5B090AC1AB7C4FB0055C52B /* Project object */;
}
