PODS:
  - CLImageEditor (0.1.3):
    - CLImageEditor/Core (= 0.1.3)
  - CLImageEditor/Core (0.1.3)
  - CLImageEditor/ResizeTool (0.1.3):
    - CLImageEditor/Core
  - CLImageEditor/SplashTool (0.1.3):
    - CLImageEditor/Core
  - CLImageEditor/StickerTool (0.1.3):
    - CLImageEditor/Core
  - CLImageEditor/TextTool (0.1.3):
    - CLImageEditor/Core
  - PulsingHalo (0.0.4)
  - Regexer (1.3.1)
  - SDWebImage (3.7.2):
    - SDWebImage/Core (= 3.7.2)
  - SDWebImage/Core (3.7.2)
  - ZDStickerView (0.1.16)

DEPENDENCIES:
  - CLImageEditor
  - CLImageEditor/ResizeTool
  - CLImageEditor/SplashTool
  - CLImageEditor/StickerTool
  - CLImageEditor/TextTool
  - PulsingHalo (from `https://github.com/shu223/PulsingHalo.git`)
  - Regexer
  - SDWebImage
  - ZDStickerView

EXTERNAL SOURCES:
  PulsingHalo:
    :git: https://github.com/shu223/PulsingHalo.git

CHECKOUT OPTIONS:
  PulsingHalo:
    :commit: f3dbe609e6f0c15729d5abe9ec547318763481d7
    :git: https://github.com/shu223/PulsingHalo.git

SPEC CHECKSUMS:
  CLImageEditor: 5e0d558467d910592fb32cef35a0b0d54d465819
  PulsingHalo: 67b819b384b792d0f19e15621dd045196cf00f96
  Regexer: 8c434d2830b9f05eaf876f9517024cee30374ba5
  SDWebImage: 71b7cdc1d1721d6a82ed62889030225f2c249e29
  ZDStickerView: 527afeea748de6cf30fecba664b87922e1e7ea90

COCOAPODS: 0.36.0
